version = 1
requires-python = ">=3.10"

[[package]]
name = "grpcio"
version = "1.73.1"
source = { registry = "https://pypi.org/simple" }
sdist = { url = "https://files.pythonhosted.org/packages/79/e8/b43b851537da2e2f03fa8be1aef207e5cbfb1a2e014fbb6b40d24c177cd3/grpcio-1.73.1.tar.gz", hash = "sha256:7fce2cd1c0c1116cf3850564ebfc3264fba75d3c74a7414373f1238ea365ef87", size = 12730355 }
wheels = [
    { url = "https://files.pythonhosted.org/packages/8f/51/a5748ab2773d893d099b92653039672f7e26dd35741020972b84d604066f/grpcio-1.73.1-cp310-cp310-linux_armv7l.whl", hash = "sha256:2d70f4ddd0a823436c2624640570ed6097e40935c9194482475fe8e3d9754d55", size = 5365087 },
    { url = "https://files.pythonhosted.org/packages/ae/12/c5ee1a5dfe93dbc2eaa42a219e2bf887250b52e2e2ee5c036c4695f2769c/grpcio-1.73.1-cp310-cp310-macosx_11_0_universal2.whl", hash = "sha256:3841a8a5a66830261ab6a3c2a3dc539ed84e4ab019165f77b3eeb9f0ba621f26", size = 10608921 },
    { url = "https://files.pythonhosted.org/packages/c4/6d/b0c6a8120f02b7d15c5accda6bfc43bc92be70ada3af3ba6d8e077c00374/grpcio-1.73.1-cp310-cp310-manylinux_2_17_aarch64.whl", hash = "sha256:628c30f8e77e0258ab788750ec92059fc3d6628590fb4b7cea8c102503623ed7", size = 5803221 },
    { url = "https://files.pythonhosted.org/packages/a6/7a/3c886d9f1c1e416ae81f7f9c7d1995ae72cd64712d29dab74a6bafacb2d2/grpcio-1.73.1-cp310-cp310-manylinux_2_17_i686.manylinux2014_i686.whl", hash = "sha256:67a0468256c9db6d5ecb1fde4bf409d016f42cef649323f0a08a72f352d1358b", size = 6444603 },
    { url = "https://files.pythonhosted.org/packages/42/07/f143a2ff534982c9caa1febcad1c1073cdec732f6ac7545d85555a900a7e/grpcio-1.73.1-cp310-cp310-manylinux_2_17_x86_64.manylinux2014_x86_64.whl", hash = "sha256:68b84d65bbdebd5926eb5c53b0b9ec3b3f83408a30e4c20c373c5337b4219ec5", size = 6040969 },
    { url = "https://files.pythonhosted.org/packages/fb/0f/523131b7c9196d0718e7b2dac0310eb307b4117bdbfef62382e760f7e8bb/grpcio-1.73.1-cp310-cp310-musllinux_1_1_aarch64.whl", hash = "sha256:c54796ca22b8349cc594d18b01099e39f2b7ffb586ad83217655781a350ce4da", size = 6132201 },
    { url = "https://files.pythonhosted.org/packages/ad/18/010a055410eef1d3a7a1e477ec9d93b091ac664ad93e9c5f56d6cc04bdee/grpcio-1.73.1-cp310-cp310-musllinux_1_1_i686.whl", hash = "sha256:75fc8e543962ece2f7ecd32ada2d44c0c8570ae73ec92869f9af8b944863116d", size = 6774718 },
    { url = "https://files.pythonhosted.org/packages/16/11/452bfc1ab39d8ee748837ab8ee56beeae0290861052948785c2c445fb44b/grpcio-1.73.1-cp310-cp310-musllinux_1_1_x86_64.whl", hash = "sha256:6a6037891cd2b1dd1406b388660522e1565ed340b1fea2955b0234bdd941a862", size = 6304362 },
    { url = "https://files.pythonhosted.org/packages/1e/1c/c75ceee626465721e5cb040cf4b271eff817aa97388948660884cb7adffa/grpcio-1.73.1-cp310-cp310-win32.whl", hash = "sha256:cce7265b9617168c2d08ae570fcc2af4eaf72e84f8c710ca657cc546115263af", size = 3679036 },
    { url = "https://files.pythonhosted.org/packages/62/2e/42cb31b6cbd671a7b3dbd97ef33f59088cf60e3cf2141368282e26fafe79/grpcio-1.73.1-cp310-cp310-win_amd64.whl", hash = "sha256:6a2b372e65fad38842050943f42ce8fee00c6f2e8ea4f7754ba7478d26a356ee", size = 4340208 },
    { url = "https://files.pythonhosted.org/packages/e4/41/921565815e871d84043e73e2c0e748f0318dab6fa9be872cd042778f14a9/grpcio-1.73.1-cp311-cp311-linux_armv7l.whl", hash = "sha256:ba2cea9f7ae4bc21f42015f0ec98f69ae4179848ad744b210e7685112fa507a1", size = 5363853 },
    { url = "https://files.pythonhosted.org/packages/b0/cc/9c51109c71d068e4d474becf5f5d43c9d63038cec1b74112978000fa72f4/grpcio-1.73.1-cp311-cp311-macosx_11_0_universal2.whl", hash = "sha256:d74c3f4f37b79e746271aa6cdb3a1d7e4432aea38735542b23adcabaaee0c097", size = 10621476 },
    { url = "https://files.pythonhosted.org/packages/8f/d3/33d738a06f6dbd4943f4d377468f8299941a7c8c6ac8a385e4cef4dd3c93/grpcio-1.73.1-cp311-cp311-manylinux_2_17_aarch64.whl", hash = "sha256:5b9b1805a7d61c9e90541cbe8dfe0a593dfc8c5c3a43fe623701b6a01b01d710", size = 5807903 },
    { url = "https://files.pythonhosted.org/packages/5d/47/36deacd3c967b74e0265f4c608983e897d8bb3254b920f8eafdf60e4ad7e/grpcio-1.73.1-cp311-cp311-manylinux_2_17_i686.manylinux2014_i686.whl", hash = "sha256:b3215f69a0670a8cfa2ab53236d9e8026bfb7ead5d4baabe7d7dc11d30fda967", size = 6448172 },
    { url = "https://files.pythonhosted.org/packages/0e/64/12d6dc446021684ee1428ea56a3f3712048a18beeadbdefa06e6f8814a6e/grpcio-1.73.1-cp311-cp311-manylinux_2_17_x86_64.manylinux2014_x86_64.whl", hash = "sha256:bc5eccfd9577a5dc7d5612b2ba90cca4ad14c6d949216c68585fdec9848befb1", size = 6044226 },
    { url = "https://files.pythonhosted.org/packages/72/4b/6bae2d88a006000f1152d2c9c10ffd41d0131ca1198e0b661101c2e30ab9/grpcio-1.73.1-cp311-cp311-musllinux_1_1_aarch64.whl", hash = "sha256:dc7d7fd520614fce2e6455ba89791458020a39716951c7c07694f9dbae28e9c0", size = 6135690 },
    { url = "https://files.pythonhosted.org/packages/38/64/02c83b5076510784d1305025e93e0d78f53bb6a0213c8c84cfe8a00c5c48/grpcio-1.73.1-cp311-cp311-musllinux_1_1_i686.whl", hash = "sha256:105492124828911f85127e4825d1c1234b032cb9d238567876b5515d01151379", size = 6775867 },
    { url = "https://files.pythonhosted.org/packages/42/72/a13ff7ba6c68ccffa35dacdc06373a76c0008fd75777cba84d7491956620/grpcio-1.73.1-cp311-cp311-musllinux_1_1_x86_64.whl", hash = "sha256:610e19b04f452ba6f402ac9aa94eb3d21fbc94553368008af634812c4a85a99e", size = 6308380 },
    { url = "https://files.pythonhosted.org/packages/65/ae/d29d948021faa0070ec33245c1ae354e2aefabd97e6a9a7b6dcf0fb8ef6b/grpcio-1.73.1-cp311-cp311-win32.whl", hash = "sha256:d60588ab6ba0ac753761ee0e5b30a29398306401bfbceffe7d68ebb21193f9d4", size = 3679139 },
    { url = "https://files.pythonhosted.org/packages/af/66/e1bbb0c95ea222947f0829b3db7692c59b59bcc531df84442e413fa983d9/grpcio-1.73.1-cp311-cp311-win_amd64.whl", hash = "sha256:6957025a4608bb0a5ff42abd75bfbb2ed99eda29d5992ef31d691ab54b753643", size = 4342558 },
    { url = "https://files.pythonhosted.org/packages/b8/41/456caf570c55d5ac26f4c1f2db1f2ac1467d5bf3bcd660cba3e0a25b195f/grpcio-1.73.1-cp312-cp312-linux_armv7l.whl", hash = "sha256:921b25618b084e75d424a9f8e6403bfeb7abef074bb6c3174701e0f2542debcf", size = 5334621 },
    { url = "https://files.pythonhosted.org/packages/2a/c2/9a15e179e49f235bb5e63b01590658c03747a43c9775e20c4e13ca04f4c4/grpcio-1.73.1-cp312-cp312-macosx_11_0_universal2.whl", hash = "sha256:277b426a0ed341e8447fbf6c1d6b68c952adddf585ea4685aa563de0f03df887", size = 10601131 },
    { url = "https://files.pythonhosted.org/packages/0c/1d/1d39e90ef6348a0964caa7c5c4d05f3bae2c51ab429eb7d2e21198ac9b6d/grpcio-1.73.1-cp312-cp312-manylinux_2_17_aarch64.whl", hash = "sha256:96c112333309493c10e118d92f04594f9055774757f5d101b39f8150f8c25582", size = 5759268 },
    { url = "https://files.pythonhosted.org/packages/8a/2b/2dfe9ae43de75616177bc576df4c36d6401e0959833b2e5b2d58d50c1f6b/grpcio-1.73.1-cp312-cp312-manylinux_2_17_i686.manylinux2014_i686.whl", hash = "sha256:f48e862aed925ae987eb7084409a80985de75243389dc9d9c271dd711e589918", size = 6409791 },
    { url = "https://files.pythonhosted.org/packages/6e/66/e8fe779b23b5a26d1b6949e5c70bc0a5fd08f61a6ec5ac7760d589229511/grpcio-1.73.1-cp312-cp312-manylinux_2_17_x86_64.manylinux2014_x86_64.whl", hash = "sha256:83a6c2cce218e28f5040429835fa34a29319071079e3169f9543c3fbeff166d2", size = 6003728 },
    { url = "https://files.pythonhosted.org/packages/a9/39/57a18fcef567784108c4fc3f5441cb9938ae5a51378505aafe81e8e15ecc/grpcio-1.73.1-cp312-cp312-musllinux_1_1_aarch64.whl", hash = "sha256:65b0458a10b100d815a8426b1442bd17001fdb77ea13665b2f7dc9e8587fdc6b", size = 6103364 },
    { url = "https://files.pythonhosted.org/packages/c5/46/28919d2aa038712fc399d02fa83e998abd8c1f46c2680c5689deca06d1b2/grpcio-1.73.1-cp312-cp312-musllinux_1_1_i686.whl", hash = "sha256:0a9f3ea8dce9eae9d7cb36827200133a72b37a63896e0e61a9d5ec7d61a59ab1", size = 6749194 },
    { url = "https://files.pythonhosted.org/packages/3d/56/3898526f1fad588c5d19a29ea0a3a4996fb4fa7d7c02dc1be0c9fd188b62/grpcio-1.73.1-cp312-cp312-musllinux_1_1_x86_64.whl", hash = "sha256:de18769aea47f18e782bf6819a37c1c528914bfd5683b8782b9da356506190c8", size = 6283902 },
    { url = "https://files.pythonhosted.org/packages/dc/64/18b77b89c5870d8ea91818feb0c3ffb5b31b48d1b0ee3e0f0d539730fea3/grpcio-1.73.1-cp312-cp312-win32.whl", hash = "sha256:24e06a5319e33041e322d32c62b1e728f18ab8c9dbc91729a3d9f9e3ed336642", size = 3668687 },
    { url = "https://files.pythonhosted.org/packages/3c/52/302448ca6e52f2a77166b2e2ed75f5d08feca4f2145faf75cb768cccb25b/grpcio-1.73.1-cp312-cp312-win_amd64.whl", hash = "sha256:303c8135d8ab176f8038c14cc10d698ae1db9c480f2b2823f7a987aa2a4c5646", size = 4334887 },
    { url = "https://files.pythonhosted.org/packages/37/bf/4ca20d1acbefabcaba633ab17f4244cbbe8eca877df01517207bd6655914/grpcio-1.73.1-cp313-cp313-linux_armv7l.whl", hash = "sha256:b310824ab5092cf74750ebd8a8a8981c1810cb2b363210e70d06ef37ad80d4f9", size = 5335615 },
    { url = "https://files.pythonhosted.org/packages/75/ed/45c345f284abec5d4f6d77cbca9c52c39b554397eb7de7d2fcf440bcd049/grpcio-1.73.1-cp313-cp313-macosx_11_0_universal2.whl", hash = "sha256:8f5a6df3fba31a3485096ac85b2e34b9666ffb0590df0cd044f58694e6a1f6b5", size = 10595497 },
    { url = "https://files.pythonhosted.org/packages/a4/75/bff2c2728018f546d812b755455014bc718f8cdcbf5c84f1f6e5494443a8/grpcio-1.73.1-cp313-cp313-manylinux_2_17_aarch64.whl", hash = "sha256:052e28fe9c41357da42250a91926a3e2f74c046575c070b69659467ca5aa976b", size = 5765321 },
    { url = "https://files.pythonhosted.org/packages/70/3b/14e43158d3b81a38251b1d231dfb45a9b492d872102a919fbf7ba4ac20cd/grpcio-1.73.1-cp313-cp313-manylinux_2_17_i686.manylinux2014_i686.whl", hash = "sha256:1c0bf15f629b1497436596b1cbddddfa3234273490229ca29561209778ebe182", size = 6415436 },
    { url = "https://files.pythonhosted.org/packages/e5/3f/81d9650ca40b54338336fd360f36773be8cb6c07c036e751d8996eb96598/grpcio-1.73.1-cp313-cp313-manylinux_2_17_x86_64.manylinux2014_x86_64.whl", hash = "sha256:0ab860d5bfa788c5a021fba264802e2593688cd965d1374d31d2b1a34cacd854", size = 6007012 },
    { url = "https://files.pythonhosted.org/packages/55/f4/59edf5af68d684d0f4f7ad9462a418ac517201c238551529098c9aa28cb0/grpcio-1.73.1-cp313-cp313-musllinux_1_1_aarch64.whl", hash = "sha256:ad1d958c31cc91ab050bd8a91355480b8e0683e21176522bacea225ce51163f2", size = 6105209 },
    { url = "https://files.pythonhosted.org/packages/e4/a8/700d034d5d0786a5ba14bfa9ce974ed4c976936c2748c2bd87aa50f69b36/grpcio-1.73.1-cp313-cp313-musllinux_1_1_i686.whl", hash = "sha256:f43ffb3bd415c57224c7427bfb9e6c46a0b6e998754bfa0d00f408e1873dcbb5", size = 6753655 },
    { url = "https://files.pythonhosted.org/packages/1f/29/efbd4ac837c23bc48e34bbaf32bd429f0dc9ad7f80721cdb4622144c118c/grpcio-1.73.1-cp313-cp313-musllinux_1_1_x86_64.whl", hash = "sha256:686231cdd03a8a8055f798b2b54b19428cdf18fa1549bee92249b43607c42668", size = 6287288 },
    { url = "https://files.pythonhosted.org/packages/d8/61/c6045d2ce16624bbe18b5d169c1a5ce4d6c3a47bc9d0e5c4fa6a50ed1239/grpcio-1.73.1-cp313-cp313-win32.whl", hash = "sha256:89018866a096e2ce21e05eabed1567479713ebe57b1db7cbb0f1e3b896793ba4", size = 3668151 },
    { url = "https://files.pythonhosted.org/packages/c2/d7/77ac689216daee10de318db5aa1b88d159432dc76a130948a56b3aa671a2/grpcio-1.73.1-cp313-cp313-win_amd64.whl", hash = "sha256:4a68f8c9966b94dff693670a5cf2b54888a48a5011c5d9ce2295a1a1465ee84f", size = 4335747 },
]

[[package]]
name = "grpcio-tools"
version = "1.73.1"
source = { registry = "https://pypi.org/simple" }
dependencies = [
    { name = "grpcio" },
    { name = "protobuf" },
    { name = "setuptools" },
]
sdist = { url = "https://files.pythonhosted.org/packages/63/b6/b185a351b4b00df88a1c7558eb3bcc05a4f53c36071b84d4f8a4db53f105/grpcio_tools-1.73.1.tar.gz", hash = "sha256:6e06adec3b0870f5947953b0ef8dbdf2cebcdff61fb1fe08120cc7483c7978aa", size = 5429529 }
wheels = [
    { url = "https://files.pythonhosted.org/packages/59/d0/d7a03e9fb4b339cb262f67990c6991e6234c8e83ee31a0078f8445198cde/grpcio_tools-1.73.1-cp310-cp310-linux_armv7l.whl", hash = "sha256:0731b21a7f3988a9f8c244ffe3940a0579e5b5f2a99d08448459e0b49350d47a", size = 2542290 },
    { url = "https://files.pythonhosted.org/packages/d2/b2/98cabcde4d3e4cee157e052cd56cd4cc5d5d03355a427a53852ed3c4d4f8/grpcio_tools-1.73.1-cp310-cp310-macosx_11_0_universal2.whl", hash = "sha256:15e47b19b70ce6100e9843570e16b0561045c37b5e9d390f1cb54292c99b51b6", size = 5831370 },
    { url = "https://files.pythonhosted.org/packages/ec/2f/f77c892692ba731169a1c9d917cafc74ae03304363b7071730f7bdf94e7f/grpcio_tools-1.73.1-cp310-cp310-manylinux_2_17_aarch64.whl", hash = "sha256:fbe6cd3e863928b5c127d4956c60e44101f495ddcb69738290db6ef497ce505c", size = 2521359 },
    { url = "https://files.pythonhosted.org/packages/d4/02/b24ae40aa80e3229ede4db54c54a87febab4ab3b48170255cc506fffbe99/grpcio_tools-1.73.1-cp310-cp310-manylinux_2_17_i686.manylinux2014_i686.whl", hash = "sha256:71c35a6b4d125bec877daefaf7dedb566d37ed4e903a45b74e491683e006afa4", size = 2918142 },
    { url = "https://files.pythonhosted.org/packages/6b/6c/df662223f2bd579db79ada0afaf2c75ef975e524e89abac176f8e8336606/grpcio_tools-1.73.1-cp310-cp310-manylinux_2_17_x86_64.manylinux2014_x86_64.whl", hash = "sha256:9486235da85a80accaeaab5829c09e19b70ee96ff100d3f7b342ec9344d96134", size = 2655785 },
    { url = "https://files.pythonhosted.org/packages/06/e2/cd4c72dfd070aa6cb91e4e7374211b565167402ffcedb26b0d2ec94d7b65/grpcio_tools-1.73.1-cp310-cp310-musllinux_1_1_aarch64.whl", hash = "sha256:86dfd562a9ebb74849aca345237cf87c2732067e410752ff809b8bfdf7aa5f49", size = 3054109 },
    { url = "https://files.pythonhosted.org/packages/68/10/dce9ccea77fce910b83c938fe7c1ee54d34c25a46d2efc839bfddadf4dc2/grpcio_tools-1.73.1-cp310-cp310-musllinux_1_1_i686.whl", hash = "sha256:bde8101bc7a60de6297916a468bf7900be6e2c0f9965a1a6591aa06bd02e2df3", size = 3514278 },
    { url = "https://files.pythonhosted.org/packages/a1/d8/a02ccd5200aedfba3f5a51bf3613970395a00d8004bef4670d000984f86a/grpcio_tools-1.73.1-cp310-cp310-musllinux_1_1_x86_64.whl", hash = "sha256:b41e2417003b34bf672aa4ec5a48e22d9fc28f7de5f25d9a01fb1e3dcc86af6a", size = 3115712 },
    { url = "https://files.pythonhosted.org/packages/e1/2d/57e7a60e69d6d6a58ae14f6340c458e1c2eea2957cd198f0173e7d422231/grpcio_tools-1.73.1-cp310-cp310-win32.whl", hash = "sha256:bb05d02ca7d603260555cc0bbec616b116f741561d5b5c78a65bc3fae5982d5e", size = 980531 },
    { url = "https://files.pythonhosted.org/packages/bd/58/bcd331cae812362e8ef3952d7aaec8ac20d233e2c7efbbb506019b914b16/grpcio_tools-1.73.1-cp310-cp310-win_amd64.whl", hash = "sha256:5f0cd287545c9430e3e395181ee11ca9b7bef4c41b1c28afa9174ea5a868dcda", size = 1151936 },
    { url = "https://files.pythonhosted.org/packages/e0/f0/a1f752fa7a2d62f43ee261238dcaf01661448d443ac7293e2e7462705ae4/grpcio_tools-1.73.1-cp311-cp311-linux_armv7l.whl", hash = "sha256:2bc4a46177df43853b070a4b6b6106d9829a639bc8b9516a005a879d3e5da0f9", size = 2542096 },
    { url = "https://files.pythonhosted.org/packages/c6/14/1dd296e8774bc4b0601e7e63d9c87acfe31a93ece8340426d0edfcbd8a2b/grpcio_tools-1.73.1-cp311-cp311-macosx_11_0_universal2.whl", hash = "sha256:448b38ec72ed62c932d48e49e0facbb51e8045065dabf3bb63149810971a51e7", size = 5832008 },
    { url = "https://files.pythonhosted.org/packages/61/03/27b9807aa49ad433f722acead06d1eff9703089b55fc39b6534e1d82f02c/grpcio_tools-1.73.1-cp311-cp311-manylinux_2_17_aarch64.whl", hash = "sha256:249be7616b323b8af72a02bd218bfbba388010e6ccb471c57d42e49b620686f7", size = 2521397 },
    { url = "https://files.pythonhosted.org/packages/99/cf/ca4e3d18771218e19d5ec95ea534a3213ca915808e98c1139773aa9725ce/grpcio_tools-1.73.1-cp311-cp311-manylinux_2_17_i686.manylinux2014_i686.whl", hash = "sha256:129dd1e46386da74d78d588c5a7f5c51d8dc2ec40fea95f9a012f655767fd5f3", size = 2918208 },
    { url = "https://files.pythonhosted.org/packages/46/3f/8deba5879f0c800d6a9186a5e07054f1b9136989f820d151ae13b314de5d/grpcio_tools-1.73.1-cp311-cp311-manylinux_2_17_x86_64.manylinux2014_x86_64.whl", hash = "sha256:2d53cd62c30fbd9597c05066a45e5750a11ec566c5fe0d17878e169bd2c66157", size = 2655836 },
    { url = "https://files.pythonhosted.org/packages/67/e3/e9b509fade220ea1169b3d756e98559e25d7757209df1cdb1462cb2635b2/grpcio_tools-1.73.1-cp311-cp311-musllinux_1_1_aarch64.whl", hash = "sha256:d8f4e2ee735dc6033b6f3379584759cc95259581c9bc58db5dd0e69cc71310f1", size = 3054308 },
    { url = "https://files.pythonhosted.org/packages/3b/89/ee71e880132a980f56d68f748b1e1b1b9205f56a9bda73dcd5bf8b022e08/grpcio_tools-1.73.1-cp311-cp311-musllinux_1_1_i686.whl", hash = "sha256:b2795d85da34846bbe6693f0da4c1f9bfa8a77e6cbd85cb83eb1231f1315a2ae", size = 3514469 },
    { url = "https://files.pythonhosted.org/packages/6c/36/20104e9b1156f22360c4e43660cbe0ff0ef1ccc4849c8b436884a9058396/grpcio_tools-1.73.1-cp311-cp311-musllinux_1_1_x86_64.whl", hash = "sha256:40834bf3551a6936151f4ba7eba4a37c8ff66eacb0bb5affa4630afbe78f061d", size = 3115685 },
    { url = "https://files.pythonhosted.org/packages/6e/7d/36da39300913548f16ccafb4dfc159cf1cb32b34007cd324c799b3321a32/grpcio_tools-1.73.1-cp311-cp311-win32.whl", hash = "sha256:0b809d936463fabeda6999eb681b5d4869dd8e5fe4d2fb9dbfee0d2a4c0ce67a", size = 980817 },
    { url = "https://files.pythonhosted.org/packages/f3/30/e9ec8bb79a29428ca466e7771e17f3f7b4d65662a40de1d815fc2f4ba39c/grpcio_tools-1.73.1-cp311-cp311-win_amd64.whl", hash = "sha256:e0257401088f29315fe0ad7f388ad061cf5b57a89e9abf039f8d9c7a54e9580d", size = 1152128 },
    { url = "https://files.pythonhosted.org/packages/c8/8a/eab18f1810ff419dff34d18442cda7656a1e8267c5167e82c8fab5f11720/grpcio_tools-1.73.1-cp312-cp312-linux_armv7l.whl", hash = "sha256:23af3de80c89ee803d0143c6293f8e979a851f0414702b5de973e205fca69db2", size = 2541816 },
    { url = "https://files.pythonhosted.org/packages/fa/b9/72b45d5dd5ec0ade82ad8d06c4cf72f3735ddb8c87c8121366b6282143da/grpcio_tools-1.73.1-cp312-cp312-macosx_11_0_universal2.whl", hash = "sha256:fbf17ad6fff6c9002d28bc3632216eafb59631308b05c4cf80e72d21c33f7dc9", size = 5829980 },
    { url = "https://files.pythonhosted.org/packages/81/ce/96c1e89df25047f5c7f374de46aeddffd479d6cefd8c2b852fac81d05b19/grpcio_tools-1.73.1-cp312-cp312-manylinux_2_17_aarch64.whl", hash = "sha256:aa05ecd0b2ca583862d107eea4d9480a2d89987ae46bc02944cc450a122f833b", size = 2521909 },
    { url = "https://files.pythonhosted.org/packages/80/6b/b30c6ae86ee5e90368996bba678f8a2dd6fc991054ce604bd10e9a6e3954/grpcio_tools-1.73.1-cp312-cp312-manylinux_2_17_i686.manylinux2014_i686.whl", hash = "sha256:664fbec02f93d14bb74c442e06ba20a4448a20236ed3d6ac5d2c4ef82a33a8b4", size = 2919133 },
    { url = "https://files.pythonhosted.org/packages/53/6b/40841ea6a5b7588f64f72a2fea7fd8e1435231df9618282edd38b1b2cdb5/grpcio_tools-1.73.1-cp312-cp312-manylinux_2_17_x86_64.manylinux2014_x86_64.whl", hash = "sha256:60aa528d7576c932f43172723188f53aaa7bdb307e52d22f2e5ab831a3667693", size = 2656079 },
    { url = "https://files.pythonhosted.org/packages/ae/ae/30d94b63499cb55b60cbd223b0b28569fc232ca422423bac85093e3dd494/grpcio_tools-1.73.1-cp312-cp312-musllinux_1_1_aarch64.whl", hash = "sha256:3893517010bcdb8cb4949715786bc5953fe7df6b575f8b1725531ed492b1080c", size = 3054827 },
    { url = "https://files.pythonhosted.org/packages/ff/79/d7998a3bb53261da22a8e6dc77406eb52c4678c445107aeaddb4a46be3b0/grpcio_tools-1.73.1-cp312-cp312-musllinux_1_1_i686.whl", hash = "sha256:654083a2d4e83679d4fb6ac46a2748c1b57ecf45be5cbe88d88a1a4aef6b3281", size = 3514026 },
    { url = "https://files.pythonhosted.org/packages/b7/bc/36d3e5239b458c86f1b1f167740288ea1a6419540586696d93fcbc2e08fe/grpcio_tools-1.73.1-cp312-cp312-musllinux_1_1_x86_64.whl", hash = "sha256:cd8b1077849acd69923b08a8e5221050e5201eb65907487ee6d69aa06b583b46", size = 3116478 },
    { url = "https://files.pythonhosted.org/packages/47/ed/6a29660ed5e13b2be894ff5d2e48b28be1951bb06a7d5c3afe314a772001/grpcio_tools-1.73.1-cp312-cp312-win32.whl", hash = "sha256:0273f64c8db4a52a3a99fd34c83a1a1723bd3ac6806d3054a93f08044609fa65", size = 980690 },
    { url = "https://files.pythonhosted.org/packages/15/f6/abfbcd96de1b75903e679d0ed1179c8fe607c9782824a19ce668b1e778c6/grpcio_tools-1.73.1-cp312-cp312-win_amd64.whl", hash = "sha256:0626266b0df489d6e8bdd4178b1c78cac9963fde4c5ba6b205b329e46696b334", size = 1152214 },
    { url = "https://files.pythonhosted.org/packages/02/fc/2bdba4984b971d9b4cebf48021656523ffd75b9743457a875cba1f378b27/grpcio_tools-1.73.1-cp313-cp313-linux_armv7l.whl", hash = "sha256:4687200e18d316ef1e28824bf9c62c2c6a3a2aacf4e0d292306258ef05955587", size = 2542034 },
    { url = "https://files.pythonhosted.org/packages/0a/bf/75e6488d85f60fb7f51f46b4eb4a3b2e0c83e8036bd10b3ced86878752cf/grpcio_tools-1.73.1-cp313-cp313-macosx_11_0_universal2.whl", hash = "sha256:b86daf2dba207aace486cf5752c9c5d35864cd67f1df1429f7341af3984dadc7", size = 5828983 },
    { url = "https://files.pythonhosted.org/packages/67/3d/1dfaec1628dfcc4dd5147b7b1403f4121a2e07a4d407fefbc809357e90e2/grpcio_tools-1.73.1-cp313-cp313-manylinux_2_17_aarch64.whl", hash = "sha256:44ec622d210740ed6c4300ea51fc43faaa0c58f4e2c4b03e2fe5a452b8e440ce", size = 2521512 },
    { url = "https://files.pythonhosted.org/packages/66/a6/0b9fab9aad550f8278c83f492b36eae68436b92837d7ae7ddb8bc17e3736/grpcio_tools-1.73.1-cp313-cp313-manylinux_2_17_i686.manylinux2014_i686.whl", hash = "sha256:7ceac9073030012596cb7923643552329e48fb911eea3225624b8ef34bae92e1", size = 2918529 },
    { url = "https://files.pythonhosted.org/packages/8c/b5/a90ad384d5e7e8a42cd3165f7feedd6fdd627de6a5208a5fd386544edecd/grpcio_tools-1.73.1-cp313-cp313-manylinux_2_17_x86_64.manylinux2014_x86_64.whl", hash = "sha256:43329b47e982798c9eb18f652fc10fef5d22f9df51001a10f1ece01d9d203c04", size = 2655669 },
    { url = "https://files.pythonhosted.org/packages/b5/7f/e7b14b2682571309a0a94b3cef28cf8b9261bb6e867f2fff47974b113544/grpcio_tools-1.73.1-cp313-cp313-musllinux_1_1_aarch64.whl", hash = "sha256:f0afb000ff67f7665f3eedd797c23b403a6bdae829d6e610944aeb6959193698", size = 3054795 },
    { url = "https://files.pythonhosted.org/packages/ba/7c/99ca6a84f28463f3cf7dde9cebb4f411dfaa10e30bbeefe246de9197edc8/grpcio_tools-1.73.1-cp313-cp313-musllinux_1_1_i686.whl", hash = "sha256:40c5def66b69c8c8f8a6af8d47a5e6b5825055c7ef7cf2b1b58c57ddc86bf3be", size = 3513669 },
    { url = "https://files.pythonhosted.org/packages/ff/bd/15070d40da6ef3152cbc91dbfbf90f21ab4691def8d248dddb76fbcaf1d6/grpcio_tools-1.73.1-cp313-cp313-musllinux_1_1_x86_64.whl", hash = "sha256:9a0eb7d88c9f1992afb3021e45721971e49d612b03fa5d38cce6e4369509f32c", size = 3115931 },
    { url = "https://files.pythonhosted.org/packages/35/a5/c255c8ee74e98f6a33ecea07ec1f4b4e7ec4338ecdd795d8891e0513177f/grpcio_tools-1.73.1-cp313-cp313-win32.whl", hash = "sha256:34480c6964d16b7fa0012b9fc574efa9e2f71c80f8bc9da0887c300abb7130f3", size = 980321 },
    { url = "https://files.pythonhosted.org/packages/14/7b/9c2b57eec340269e81d5113125b29213ef4dd1138cadc4d4d30b2506ebc2/grpcio_tools-1.73.1-cp313-cp313-win_amd64.whl", hash = "sha256:2b005373ad23dc0f25d8d6ec6d219fc3a6831b8d0f487be8f9bb2315307ba1c1", size = 1151842 },
]

[[package]]
name = "protobuf"
version = "6.31.1"
source = { registry = "https://pypi.org/simple" }
sdist = { url = "https://files.pythonhosted.org/packages/52/f3/b9655a711b32c19720253f6f06326faf90580834e2e83f840472d752bc8b/protobuf-6.31.1.tar.gz", hash = "sha256:d8cac4c982f0b957a4dc73a80e2ea24fab08e679c0de9deb835f4a12d69aca9a", size = 441797 }
wheels = [
    { url = "https://files.pythonhosted.org/packages/f3/6f/6ab8e4bf962fd5570d3deaa2d5c38f0a363f57b4501047b5ebeb83ab1125/protobuf-6.31.1-cp310-abi3-win32.whl", hash = "sha256:7fa17d5a29c2e04b7d90e5e32388b8bfd0e7107cd8e616feef7ed3fa6bdab5c9", size = 423603 },
    { url = "https://files.pythonhosted.org/packages/44/3a/b15c4347dd4bf3a1b0ee882f384623e2063bb5cf9fa9d57990a4f7df2fb6/protobuf-6.31.1-cp310-abi3-win_amd64.whl", hash = "sha256:426f59d2964864a1a366254fa703b8632dcec0790d8862d30034d8245e1cd447", size = 435283 },
    { url = "https://files.pythonhosted.org/packages/6a/c9/b9689a2a250264a84e66c46d8862ba788ee7a641cdca39bccf64f59284b7/protobuf-6.31.1-cp39-abi3-macosx_10_9_universal2.whl", hash = "sha256:6f1227473dc43d44ed644425268eb7c2e488ae245d51c6866d19fe158e207402", size = 425604 },
    { url = "https://files.pythonhosted.org/packages/76/a1/7a5a94032c83375e4fe7e7f56e3976ea6ac90c5e85fac8576409e25c39c3/protobuf-6.31.1-cp39-abi3-manylinux2014_aarch64.whl", hash = "sha256:a40fc12b84c154884d7d4c4ebd675d5b3b5283e155f324049ae396b95ddebc39", size = 322115 },
    { url = "https://files.pythonhosted.org/packages/fa/b1/b59d405d64d31999244643d88c45c8241c58f17cc887e73bcb90602327f8/protobuf-6.31.1-cp39-abi3-manylinux2014_x86_64.whl", hash = "sha256:4ee898bf66f7a8b0bd21bce523814e6fbd8c6add948045ce958b73af7e8878c6", size = 321070 },
    { url = "https://files.pythonhosted.org/packages/f7/af/ab3c51ab7507a7325e98ffe691d9495ee3d3aa5f589afad65ec920d39821/protobuf-6.31.1-py3-none-any.whl", hash = "sha256:720a6c7e6b77288b85063569baae8536671b39f15cc22037ec7045658d80489e", size = 168724 },
]

[[package]]
name = "setuptools"
version = "80.9.0"
source = { registry = "https://pypi.org/simple" }
sdist = { url = "https://files.pythonhosted.org/packages/18/5d/3bf57dcd21979b887f014ea83c24ae194cfcd12b9e0fda66b957c69d1fca/setuptools-80.9.0.tar.gz", hash = "sha256:f36b47402ecde768dbfafc46e8e4207b4360c654f1f3bb84475f0a28628fb19c", size = 1319958 }
wheels = [
    { url = "https://files.pythonhosted.org/packages/a3/dc/17031897dae0efacfea57dfd3a82fdd2a2aeb58e0ff71b77b87e44edc772/setuptools-80.9.0-py3-none-any.whl", hash = "sha256:062d34222ad13e0cc312a4c02d73f059e86a4acbfbdea8f8f76b28c99f306922", size = 1201486 },
]

[[package]]
name = "veetwo-client"
version = "0.1.0"
source = { editable = "." }
dependencies = [
    { name = "grpcio" },
    { name = "grpcio-tools" },
    { name = "protobuf" },
]

[package.metadata]
requires-dist = [
    { name = "grpcio" },
    { name = "grpcio-tools" },
    { name = "protobuf" },
]
