github.com/Masterminds/semver/v3 v3.3.1 h1:QtNSWtVZ3nBfk8mAOu/B6v7FMJ+NHTIgUPi7rj+4nv4=
github.com/aws/aws-lambda-go v1.34.1 h1:M3a/uFYBjii+tDcOJ0wL/WyFi2550FHoECdPf27zvOs=
github.com/aws/aws-sdk-go-v2 v1.36.3 h1:mJoei2CxPutQVxaATCzDUjcZEjVRdpsiiXi2o38yqWM=
github.com/aws/aws-sdk-go-v2/aws/protocol/eventstream v1.6.2 h1:x6xsQXGSmW6frevwDA+vi/wqhp1ct18mVXYN08/93to=
github.com/aws/aws-sdk-go-v2/config v1.27.11 h1:f47rANd2LQEYHda2ddSCKYId18/8BhSRM4BULGmfgNA=
github.com/aws/aws-sdk-go-v2/credentials v1.17.11 h1:YuIB1dJNf1Re822rriUOTxopaHHvIq0l/pX3fwO+Tzs=
github.com/aws/aws-sdk-go-v2/feature/ec2/imds v1.16.1 h1:FVJ0r5XTHSmIHJV6KuDmdYhEpvlHpiSd38RQWhut5J4=
github.com/aws/aws-sdk-go-v2/internal/configsources v1.3.34 h1:ZK5jHhnrioRkUNOc+hOgQKlUL5JeC3S6JgLxtQ+Rm0Q=
github.com/aws/aws-sdk-go-v2/internal/endpoints/v2 v2.6.34 h1:SZwFm17ZUNNg5Np0ioo/gq8Mn6u9w19Mri8DnJ15Jf0=
github.com/aws/aws-sdk-go-v2/internal/ini v1.8.0 h1:hT8rVHwugYE2lEfdFE0QWVo81lF7jMrYJVDWI+f+VxU=
github.com/aws/aws-sdk-go-v2/internal/v4a v1.3.5 h1:81KE7vaZzrl7yHBYHVEzYB8sypz11NMOZ40YlWvPxsU=
github.com/aws/aws-sdk-go-v2/service/internal/accept-encoding v1.11.2 h1:Ji0DY1xUsUr3I8cHps0G+XM3WWU16lP6yG8qu1GAZAs=
github.com/aws/aws-sdk-go-v2/service/internal/checksum v1.3.7 h1:ZMeFZ5yk+Ek+jNr1+uwCd2tG89t6oTS5yVWpa6yy2es=
github.com/aws/aws-sdk-go-v2/service/internal/presigned-url v1.11.7 h1:ogRAwT1/gxJBcSWDMZlgyFUM962F51A5CRhDLbxLdmo=
github.com/aws/aws-sdk-go-v2/service/internal/s3shared v1.17.5 h1:f9RyWNtS8oH7cZlbn+/JNPpjUk5+5fLd5lM9M0i49Ys=
github.com/aws/aws-sdk-go-v2/service/s3 v1.53.1 h1:6cnno47Me9bRykw9AEv9zkXE+5or7jz8TsskTTccbgc=
github.com/aws/aws-sdk-go-v2/service/sso v1.20.5 h1:vN8hEbpRnL7+Hopy9dzmRle1xmDc7o8tmY0klsr175w=
github.com/aws/aws-sdk-go-v2/service/ssooidc v1.23.4 h1:Jux+gDDyi1Lruk+KHF91tK2KCuY61kzoCpvtvJJBtOE=
github.com/aws/aws-sdk-go-v2/service/sts v1.28.6 h1:cwIxeBttqPN3qkaAjcEcsh8NYr8n2HZPkcKgPAi1phU=
github.com/aws/constructs-go/constructs/v10 v10.4.2 h1:+hDLTsFGLJmKIn0Dg20vWpKBrVnFrEWYgTEY5UiTEG8=
github.com/aws/jsii-runtime-go v1.111.0 h1:KR0URQxaw6FRTtNSKQ/weqVP2QEaAOssBcKD/uBlnh4=
github.com/aws/smithy-go v1.22.2 h1:6D9hW43xKFrRx/tXXfAlIZc4JI+yQe6snnWcQyxSyLQ=
github.com/cdktf/cdktf-provider-random-go/random/v11 v11.1.1 h1:9/thhQgIkzXlwkH0GoAiQGiY5HTNp1/xcmQ/f3YGjkg=
github.com/davecgh/go-spew v1.1.1 h1:vj9j/u1bqnvCEfJOwUhtlOARqs3+rkHYY13jYWTU97c=
github.com/fatih/color v1.18.0 h1:S8gINlzdQ840/4pfAwic/ZE0djQEH3wM94VfqLTZcOM=
github.com/google/go-cmp v0.7.0 h1:wk8382ETsv4JYUZwIsn6YpYiWiBsYLSJiTsyBybVuN8=
github.com/hashicorp/terraform-cdk-go/cdktf v0.20.12 h1:gFWqqdSoZ3r1YsziS1PQ73T7qPDCiQCrHK08Rqlb+fE=
github.com/kr/pretty v0.3.1 h1:flRD4NNwYAUpkphVc1HcthR4KEIFJ65n8Mw5qdRn3LE=
github.com/kr/text v0.2.0 h1:5Nx0Ya0ZqY2ygV366QzturHI13Jq95ApcVaJBhpS+AY=
github.com/mattn/go-colorable v0.1.14 h1:9A9LHSqF/7dyVVX6g0U9cwm9pG3kP9gSzcuIPHPsaIE=
github.com/mattn/go-isatty v0.0.20 h1:xfD0iDuEKnDkl03q4limB+vH+GxLEtL/jb4xVJSWWEY=
github.com/pmezard/go-difflib v1.0.1-0.20181226105442-5d4384ee4fb2 h1:Jamvg5psRIccs7FGNTlIRMkT8wgtp5eCXdBlqhYGL6U=
github.com/rogpeppe/go-internal v1.14.1 h1:UQB4HGPB6osV0SQTLymcB4TgvyWu6ZyliaW0tI/otEQ=
github.com/spf13/afero v1.12.0 h1:UcOPyRBYczmFn6yvphxkn9ZEOY65cpwGKb5mL36mrqs=
github.com/stretchr/testify v1.10.0 h1:Xv5erBjTwe/5IxqUQTdXv5kgmIvbHo3QQyRwhJsOfJA=
github.com/yuin/goldmark v1.5.2 h1:ALmeCk/px5FSm1MAcFBAsVKZjDuMVj8Tm7FFIlMJnqU=
golang.org/x/lint v0.0.0-20210508222113-6edffad5e616 h1:VLliZ0d+/avPrXXH+OakdXhpJuEoBZuwh1m2j7U6Iug=
golang.org/x/mod v0.24.0 h1:ZfthKaKaT4NrhGVZHO1/WDTwGES4De8KtWO0SIbNJMU=
golang.org/x/sync v0.13.0 h1:AauUjRAJ9OSnvULf/ARrrVywoJDy0YS2AwQ98I37610=
golang.org/x/sys v0.32.0 h1:s77OFDvIQeibCmezSnk/q6iAfkdiQaJi4VzroCFrN20=
golang.org/x/text v0.23.0 h1:D71I7dUrlY+VX0gQShAThNGHFxZ13dGLBHQLVl1mJlY=
golang.org/x/tools v0.31.0 h1:0EedkvKDbh+qistFTd0Bcwe/YLh4vHwWEkiI0toFIBU=
gopkg.in/check.v1 v1.0.0-20201130134442-10cb98267c6c h1:Hei/4ADfdWqJk1ZMxUNpqntNwaWcugrBjAiHlqqRiVk=
gopkg.in/yaml.v3 v3.0.1 h1:fxVm/GzAzEWqLHuvctI91KS9hhNmmWOoWu0XTYJS7CA=
